
Microsoft Visual Studio Solution File, Format Version 12.00
# Visual Studio Version 17
VisualStudioVersion = 17.5.002.0
MinimumVisualStudioVersion = 10.0.40219.1
Project("{9A19103F-16F7-4668-BE54-9A1E7A4F7556}") = "Amaliy_4", "Amaliy_4.csproj", "{FE42DA2D-4709-404C-830B-288FBDF89619}"
EndProject
Global
	GlobalSection(SolutionConfigurationPlatforms) = preSolution
		Debug|Any CPU = Debug|Any CPU
		Release|Any CPU = Release|Any CPU
	EndGlobalSection
	GlobalSection(ProjectConfigurationPlatforms) = postSolution
		{FE42DA2D-4709-404C-830B-288FBDF89619}.Debug|Any CPU.ActiveCfg = Debug|Any CPU
		{FE42DA2D-4709-404C-830B-288FBDF89619}.Debug|Any CPU.Build.0 = Debug|Any CPU
		{FE42DA2D-4709-404C-830B-288FBDF89619}.Release|Any CPU.ActiveCfg = Release|Any CPU
		{FE42DA2D-4709-404C-830B-288FBDF89619}.Release|Any CPU.Build.0 = Release|Any CPU
	EndGlobalSection
	GlobalSection(SolutionProperties) = preSolution
		HideSolutionNode = FALSE
	EndGlobalSection
	GlobalSection(ExtensibilityGlobals) = postSolution
		SolutionGuid = {92ECEC54-8C0F-46A7-937A-878B92C6BFD5}
	EndGlobalSection
EndGlobal
